// !$*UTF8*$!
{
	archiveVersion = 1;
	classes = {
	};
	objectVersion = 50;
	objects = {

/* Begin PBXBuildFile section */
		56F70A8E15D5BED5A679521A /* Pods_GeoName.framework in Frameworks */ = {isa = PBXBuildFile; fileRef = B047A53B0978EADF0EAB375C /* Pods_GeoName.framework */; };
		58A9276922E2F02A00EC3C18 /* AppDelegate.swift in Sources */ = {isa = PBXBuildFile; fileRef = 58A9276822E2F02A00EC3C18 /* AppDelegate.swift */; };
		58A9276B22E2F02A00EC3C18 /* DisplayNameViewController.swift in Sources */ = {isa = PBXBuildFile; fileRef = 58A9276A22E2F02A00EC3C18 /* DisplayNameViewController.swift */; };
		58A9276E22E2F02A00EC3C18 /* Main.storyboard in Resources */ = {isa = PBXBuildFile; fileRef = 58A9276C22E2F02A00EC3C18 /* Main.storyboard */; };
		58A9277022E2F02C00EC3C18 /* Assets.xcassets in Resources */ = {isa = PBXBuildFile; fileRef = 58A9276F22E2F02C00EC3C18 /* Assets.xcassets */; };
		58A9277322E2F02C00EC3C18 /* LaunchScreen.storyboard in Resources */ = {isa = PBXBuildFile; fileRef = 58A9277122E2F02C00EC3C18 /* LaunchScreen.storyboard */; };
		58A9277D22E2F3BA00EC3C18 /* ChangeNameViewController.swift in Sources */ = {isa = PBXBuildFile; fileRef = 58A9277C22E2F3BA00EC3C18 /* ChangeNameViewController.swift */; };
/* End PBXBuildFile section */

/* Begin PBXFileReference section */
		19A1C972ED94027DF94B2D2E /* Pods-GeoName.release.xcconfig */ = {isa = PBXFileReference; includeInIndex = 1; lastKnownFileType = text.xcconfig; name = "Pods-GeoName.release.xcconfig"; path = "Target Support Files/Pods-GeoName/Pods-GeoName.release.xcconfig"; sourceTree = "<group>"; };
		58A9276522E2F02A00EC3C18 /* GeoName.app */ = {isa = PBXFileReference; explicitFileType = wrapper.application; includeInIndex = 0; path = GeoName.app; sourceTree = BUILT_PRODUCTS_DIR; };
		58A9276822E2F02A00EC3C18 /* AppDelegate.swift */ = {isa = PBXFileReference; lastKnownFileType = sourcecode.swift; path = AppDelegate.swift; sourceTree = "<group>"; };
		58A9276A22E2F02A00EC3C18 /* DisplayNameViewController.swift */ = {isa = PBXFileReference; lastKnownFileType = sourcecode.swift; path = DisplayNameViewController.swift; sourceTree = "<group>"; };
		58A9276D22E2F02A00EC3C18 /* Base */ = {isa = PBXFileReference; lastKnownFileType = file.storyboard; name = Base; path = Base.lproj/Main.storyboard; sourceTree = "<group>"; };
		58A9276F22E2F02C00EC3C18 /* Assets.xcassets */ = {isa = PBXFileReference; lastKnownFileType = folder.assetcatalog; path = Assets.xcassets; sourceTree = "<group>"; };
		58A9277222E2F02C00EC3C18 /* Base */ = {isa = PBXFileReference; lastKnownFileType = file.storyboard; name = Base; path = Base.lproj/LaunchScreen.storyboard; sourceTree = "<group>"; };
		58A9277422E2F02C00EC3C18 /* Info.plist */ = {isa = PBXFileReference; lastKnownFileType = text.plist.xml; path = Info.plist; sourceTree = "<group>"; };
		58A9277C22E2F3BA00EC3C18 /* ChangeNameViewController.swift */ = {isa = PBXFileReference; lastKnownFileType = sourcecode.swift; path = ChangeNameViewController.swift; sourceTree = "<group>"; };
		B047A53B0978EADF0EAB375C /* Pods_GeoName.framework */ = {isa = PBXFileReference; explicitFileType = wrapper.framework; includeInIndex = 0; path = Pods_GeoName.framework; sourceTree = BUILT_PRODUCTS_DIR; };
		CA471262AE64FD3E5083F375 /* Pods-GeoName.debug.xcconfig */ = {isa = PBXFileReference; includeInIndex = 1; lastKnownFileType = text.xcconfig; name = "Pods-GeoName.debug.xcconfig"; path = "Target Support Files/Pods-GeoName/Pods-GeoName.debug.xcconfig"; sourceTree = "<group>"; };
/* End PBXFileReference section */

/* Begin PBXFrameworksBuildPhase section */
		58A9276222E2F02A00EC3C18 /* Frameworks */ = {
			isa = PBXFrameworksBuildPhase;
			buildActionMask = 2147483647;
			files = (
				56F70A8E15D5BED5A679521A /* Pods_GeoName.framework in Frameworks */,
			);
			runOnlyForDeploymentPostprocessing = 0;
		};
/* End PBXFrameworksBuildPhase section */

/* Begin PBXGroup section */
		385B3D52DAAA694DE2EAF229 /* Pods */ = {
			isa = PBXGroup;
			children = (
				CA471262AE64FD3E5083F375 /* Pods-GeoName.debug.xcconfig */,
				19A1C972ED94027DF94B2D2E /* Pods-GeoName.release.xcconfig */,
			);
			name = Pods;
			path = Pods;
			sourceTree = "<group>";
		};
		58A9275C22E2F02A00EC3C18 = {
			isa = PBXGroup;
			children = (
				58A9276722E2F02A00EC3C18 /* GeoName */,
				58A9276622E2F02A00EC3C18 /* Products */,
				385B3D52DAAA694DE2EAF229 /* Pods */,
				D9DFECEAAAE98DFDA0D8848A /* Frameworks */,
			);
			sourceTree = "<group>";
		};
		58A9276622E2F02A00EC3C18 /* Products */ = {
			isa = PBXGroup;
			children = (
				58A9276522E2F02A00EC3C18 /* GeoName.app */,
			);
			name = Products;
			sourceTree = "<group>";
		};
		58A9276722E2F02A00EC3C18 /* GeoName */ = {
			isa = PBXGroup;
			children = (
				58A9277B22E2F13F00EC3C18 /* View */,
				58A9277A22E2F13600EC3C18 /* Controller */,
				58A9276F22E2F02C00EC3C18 /* Assets.xcassets */,
				58A9277422E2F02C00EC3C18 /* Info.plist */,
			);
			path = GeoName;
			sourceTree = "<group>";
		};
		58A9277A22E2F13600EC3C18 /* Controller */ = {
			isa = PBXGroup;
			children = (
				58A9276A22E2F02A00EC3C18 /* DisplayNameViewController.swift */,
				58A9276822E2F02A00EC3C18 /* AppDelegate.swift */,
				58A9277C22E2F3BA00EC3C18 /* ChangeNameViewController.swift */,
			);
			path = Controller;
			sourceTree = "<group>";
		};
		58A9277B22E2F13F00EC3C18 /* View */ = {
			isa = PBXGroup;
			children = (
				58A9277122E2F02C00EC3C18 /* LaunchScreen.storyboard */,
				58A9276C22E2F02A00EC3C18 /* Main.storyboard */,
			);
			path = View;
			sourceTree = "<group>";
		};
		D9DFECEAAAE98DFDA0D8848A /* Frameworks */ = {
			isa = PBXGroup;
			children = (
				B047A53B0978EADF0EAB375C /* Pods_GeoName.framework */,
			);
			name = Frameworks;
			sourceTree = "<group>";
		};
/* End PBXGroup section */

/* Begin PBXNativeTarget section */
		58A9276422E2F02A00EC3C18 /* GeoName */ = {
			isa = PBXNativeTarget;
			buildConfigurationList = 58A9277722E2F02C00EC3C18 /* Build configuration list for PBXNativeTarget "GeoName" */;
			buildPhases = (
				7ECAA9604510BCEB258894A0 /* [CP] Check Pods Manifest.lock */,
				58A9276122E2F02A00EC3C18 /* Sources */,
				58A9276222E2F02A00EC3C18 /* Frameworks */,
				58A9276322E2F02A00EC3C18 /* Resources */,
				49DB9E623B2CB031F1D93FBD /* [CP] Embed Pods Frameworks */,
			);
			buildRules = (
			);
			dependencies = (
			);
			name = GeoName;
			productName = GeoName;
			productReference = 58A9276522E2F02A00EC3C18 /* GeoName.app */;
			productType = "com.apple.product-type.application";
		};
/* End PBXNativeTarget section */

/* Begin PBXProject section */
		58A9275D22E2F02A00EC3C18 /* Project object */ = {
			isa = PBXProject;
			attributes = {
				LastSwiftUpdateCheck = 1020;
				LastUpgradeCheck = 1020;
				ORGANIZATIONNAME = "Zubair Amjad";
				TargetAttributes = {
					58A9276422E2F02A00EC3C18 = {
						CreatedOnToolsVersion = 10.2.1;
					};
				};
			};
			buildConfigurationList = 58A9276022E2F02A00EC3C18 /* Build configuration list for PBXProject "GeoName" */;
			compatibilityVersion = "Xcode 9.3";
			developmentRegion = en;
			hasScannedForEncodings = 0;
			knownRegions = (
				en,
				Base,
			);
			mainGroup = 58A9275C22E2F02A00EC3C18;
			productRefGroup = 58A9276622E2F02A00EC3C18 /* Products */;
			projectDirPath = "";
			projectRoot = "";
			targets = (
				58A9276422E2F02A00EC3C18 /* GeoName */,
			);
		};
/* End PBXProject section */

/* Begin PBXResourcesBuildPhase section */
		58A9276322E2F02A00EC3C18 /* Resources */ = {
			isa = PBXResourcesBuildPhase;
			buildActionMask = 2147483647;
			files = (
				58A9277322E2F02C00EC3C18 /* LaunchScreen.storyboard in Resources */,
				58A9277022E2F02C00EC3C18 /* Assets.xcassets in Resources */,
				58A9276E22E2F02A00EC3C18 /* Main.storyboard in Resources */,
			);
			runOnlyForDeploymentPostprocessing = 0;
		};
/* End PBXResourcesBuildPhase section */

/* Begin PBXShellScriptBuildPhase section */
		49DB9E623B2CB031F1D93FBD /* [CP] Embed Pods Frameworks */ = {
			isa = PBXShellScriptBuildPhase;
			buildActionMask = 2147483647;
			files = (
			);
			inputFileListPaths = (
				"${PODS_ROOT}/Target Support Files/Pods-GeoName/Pods-GeoName-frameworks-${CONFIGURATION}-input-files.xcfilelist",
			);
			name = "[CP] Embed Pods Frameworks";
			outputFileListPaths = (
				"${PODS_ROOT}/Target Support Files/Pods-GeoName/Pods-GeoName-frameworks-${CONFIGURATION}-output-files.xcfilelist",
			);
			runOnlyForDeploymentPostprocessing = 0;
			shellPath = /bin/sh;
			shellScript = "\"${PODS_ROOT}/Target Support Files/Pods-GeoName/Pods-GeoName-frameworks.sh\"\n";
			showEnvVarsInLog = 0;
		};
		7ECAA9604510BCEB258894A0 /* [CP] Check Pods Manifest.lock */ = {
			isa = PBXShellScriptBuildPhase;
			buildActionMask = 2147483647;
			files = (
			);
			inputFileListPaths = (
			);
			inputPaths = (
				"${PODS_PODFILE_DIR_PATH}/Podfile.lock",
				"${PODS_ROOT}/Manifest.lock",
			);
			name = "[CP] Check Pods Manifest.lock";
			outputFileListPaths = (
			);
			outputPaths = (
				"$(DERIVED_FILE_DIR)/Pods-GeoName-checkManifestLockResult.txt",
			);
			runOnlyForDeploymentPostprocessing = 0;
			shellPath = /bin/sh;
			shellScript = "diff \"${PODS_PODFILE_DIR_PATH}/Podfile.lock\" \"${PODS_ROOT}/Manifest.lock\" > /dev/null\nif [ $? != 0 ] ; then\n    # print error to STDERR\n    echo \"error: The sandbox is not in sync with the Podfile.lock. Run 'pod install' or update your CocoaPods installation.\" >&2\n    exit 1\nfi\n# This output is used by Xcode 'outputs' to avoid re-running this script phase.\necho \"SUCCESS\" > \"${SCRIPT_OUTPUT_FILE_0}\"\n";
			showEnvVarsInLog = 0;
		};
/* End PBXShellScriptBuildPhase section */

/* Begin PBXSourcesBuildPhase section */
		58A9276122E2F02A00EC3C18 /* Sources */ = {
			isa = PBXSourcesBuildPhase;
			buildActionMask = 2147483647;
			files = (
				58A9277D22E2F3BA00EC3C18 /* ChangeNameViewController.swift in Sources */,
				58A9276B22E2F02A00EC3C18 /* DisplayNameViewController.swift in Sources */,
				58A9276922E2F02A00EC3C18 /* AppDelegate.swift in Sources */,
			);
			runOnlyForDeploymentPostprocessing = 0;
		};
/* End PBXSourcesBuildPhase section */

/* Begin PBXVariantGroup section */
		58A9276C22E2F02A00EC3C18 /* Main.storyboard */ = {
			isa = PBXVariantGroup;
			children = (
				58A9276D22E2F02A00EC3C18 /* Base */,
			);
			name = Main.storyboard;
			sourceTree = "<group>";
		};
		58A9277122E2F02C00EC3C18 /* LaunchScreen.storyboard */ = {
			isa = PBXVariantGroup;
			children = (
				58A9277222E2F02C00EC3C18 /* Base */,
			);
			name = LaunchScreen.storyboard;
			sourceTree = "<group>";
		};
/* End PBXVariantGroup section */

/* Begin XCBuildConfiguration section */
		58A9277522E2F02C00EC3C18 /* Debug */ = {
			isa = XCBuildConfiguration;
			buildSettings = {
				ALWAYS_SEARCH_USER_PATHS = NO;
				CLANG_ANALYZER_NONNULL = YES;
				CLANG_ANALYZER_NUMBER_OBJECT_CONVERSION = YES_AGGRESSIVE;
				CLANG_CXX_LANGUAGE_STANDARD = "gnu++14";
				CLANG_CXX_LIBRARY = "libc++";
				CLANG_ENABLE_MODULES = YES;
				CLANG_ENABLE_OBJC_ARC = YES;
				CLANG_ENABLE_OBJC_WEAK = YES;
				CLANG_WARN_BLOCK_CAPTURE_AUTORELEASING = YES;
				CLANG_WARN_BOOL_CONVERSION = YES;
				CLANG_WARN_COMMA = YES;
				CLANG_WARN_CONSTANT_CONVERSION = YES;
				CLANG_WARN_DEPRECATED_OBJC_IMPLEMENTATIONS = YES;
				CLANG_WARN_DIRECT_OBJC_ISA_USAGE = YES_ERROR;
				CLANG_WARN_DOCUMENTATION_COMMENTS = YES;
				CLANG_WARN_EMPTY_BODY = YES;
				CLANG_WARN_ENUM_CONVERSION = YES;
				CLANG_WARN_INFINITE_RECURSION = YES;
				CLANG_WARN_INT_CONVERSION = YES;
				CLANG_WARN_NON_LITERAL_NULL_CONVERSION = YES;
				CLANG_WARN_OBJC_IMPLICIT_RETAIN_SELF = YES;
				CLANG_WARN_OBJC_LITERAL_CONVERSION = YES;
				CLANG_WARN_OBJC_ROOT_CLASS = YES_ERROR;
				CLANG_WARN_RANGE_LOOP_ANALYSIS = YES;
				CLANG_WARN_STRICT_PROTOTYPES = YES;
				CLANG_WARN_SUSPICIOUS_MOVE = YES;
				CLANG_WARN_UNGUARDED_AVAILABILITY = YES_AGGRESSIVE;
				CLANG_WARN_UNREACHABLE_CODE = YES;
				CLANG_WARN__DUPLICATE_METHOD_MATCH = YES;
				CODE_SIGN_IDENTITY = "iPhone Developer";
				COPY_PHASE_STRIP = NO;
				DEBUG_INFORMATION_FORMAT = dwarf;
				ENABLE_STRICT_OBJC_MSGSEND = YES;
				ENABLE_TESTABILITY = YES;
				GCC_C_LANGUAGE_STANDARD = gnu11;
				GCC_DYNAMIC_NO_PIC = NO;
				GCC_NO_COMMON_BLOCKS = YES;
				GCC_OPTIMIZATION_LEVEL = 0;
				GCC_PREPROCESSOR_DEFINITIONS = (
					"DEBUG=1",
					"$(inherited)",
				);
				GCC_WARN_64_TO_32_BIT_CONVERSION = YES;
				GCC_WARN_ABOUT_RETURN_TYPE = YES_ERROR;
				GCC_WARN_UNDECLARED_SELECTOR = YES;
				GCC_WARN_UNINITIALIZED_AUTOS = YES_AGGRESSIVE;
				GCC_WARN_UNUSED_FUNCTION = YES;
				GCC_WARN_UNUSED_VARIABLE = YES;
				IPHONEOS_DEPLOYMENT_TARGET = 12.2;
				MTL_ENABLE_DEBUG_INFO = INCLUDE_SOURCE;
				MTL_FAST_MATH = YES;
				ONLY_ACTIVE_ARCH = YES;
				SDKROOT = iphoneos;
				SWIFT_ACTIVE_COMPILATION_CONDITIONS = DEBUG;
				SWIFT_OPTIMIZATION_LEVEL = "-Onone";
			};
			name = Debug;
		};
		58A9277622E2F02C00EC3C18 /* Release */ = {
			isa = XCBuildConfiguration;
			buildSettings = {
				ALWAYS_SEARCH_USER_PATHS = NO;
				CLANG_ANALYZER_NONNULL = YES;
				CLANG_ANALYZER_NUMBER_OBJECT_CONVERSION = YES_AGGRESSIVE;
				CLANG_CXX_LANGUAGE_STANDARD = "gnu++14";
				CLANG_CXX_LIBRARY = "libc++";
				CLANG_ENABLE_MODULES = YES;
				CLANG_ENABLE_OBJC_ARC = YES;
				CLANG_ENABLE_OBJC_WEAK = YES;
				CLANG_WARN_BLOCK_CAPTURE_AUTORELEASING = YES;
				CLANG_WARN_BOOL_CONVERSION = YES;
				CLANG_WARN_COMMA = YES;
				CLANG_WARN_CONSTANT_CONVERSION = YES;
				CLANG_WARN_DEPRECATED_OBJC_IMPLEMENTATIONS = YES;
				CLANG_WARN_DIRECT_OBJC_ISA_USAGE = YES_ERROR;
				CLANG_WARN_DOCUMENTATION_COMMENTS = YES;
				CLANG_WARN_EMPTY_BODY = YES;
				CLANG_WARN_ENUM_CONVERSION = YES;
				CLANG_WARN_INFINITE_RECURSION = YES;
				CLANG_WARN_INT_CONVERSION = YES;
				CLANG_WARN_NON_LITERAL_NULL_CONVERSION = YES;
				CLANG_WARN_OBJC_IMPLICIT_RETAIN_SELF = YES;
				CLANG_WARN_OBJC_LITERAL_CONVERSION = YES;
				CLANG_WARN_OBJC_ROOT_CLASS = YES_ERROR;
				CLANG_WARN_RANGE_LOOP_ANALYSIS = YES;
				CLANG_WARN_STRICT_PROTOTYPES = YES;
				CLANG_WARN_SUSPICIOUS_MOVE = YES;
				CLANG_WARN_UNGUARDED_AVAILABILITY = YES_AGGRESSIVE;
				CLANG_WARN_UNREACHABLE_CODE = YES;
				CLANG_WARN__DUPLICATE_METHOD_MATCH = YES;
				CODE_SIGN_IDENTITY = "iPhone Developer";
				COPY_PHASE_STRIP = NO;
				DEBUG_INFORMATION_FORMAT = "dwarf-with-dsym";
				ENABLE_NS_ASSERTIONS = NO;
				ENABLE_STRICT_OBJC_MSGSEND = YES;
				GCC_C_LANGUAGE_STANDARD = gnu11;
				GCC_NO_COMMON_BLOCKS = YES;
				GCC_WARN_64_TO_32_BIT_CONVERSION = YES;
				GCC_WARN_ABOUT_RETURN_TYPE = YES_ERROR;
				GCC_WARN_UNDECLARED_SELECTOR = YES;
				GCC_WARN_UNINITIALIZED_AUTOS = YES_AGGRESSIVE;
				GCC_WARN_UNUSED_FUNCTION = YES;
				GCC_WARN_UNUSED_VARIABLE = YES;
				IPHONEOS_DEPLOYMENT_TARGET = 12.2;
				MTL_ENABLE_DEBUG_INFO = NO;
				MTL_FAST_MATH = YES;
				SDKROOT = iphoneos;
				SWIFT_COMPILATION_MODE = wholemodule;
				SWIFT_OPTIMIZATION_LEVEL = "-O";
				VALIDATE_PRODUCT = YES;
			};
			name = Release;
		};
		58A9277822E2F02C00EC3C18 /* Debug */ = {
			isa = XCBuildConfiguration;
			baseConfigurationReference = CA471262AE64FD3E5083F375 /* Pods-GeoName.debug.xcconfig */;
			buildSettings = {
				ASSETCATALOG_COMPILER_APPICON_NAME = AppIcon;
				CODE_SIGN_STYLE = Automatic;
				DEVELOPMENT_TEAM = 9V3FMTYQCY;
				INFOPLIST_FILE = GeoName/Info.plist;
				LD_RUNPATH_SEARCH_PATHS = (
					"$(inherited)",
					"@executable_path/Frameworks",
				);
				PRODUCT_BUNDLE_IDENTIFIER = edu.uw.amjadz.GeoName;
				PRODUCT_NAME = "$(TARGET_NAME)";
				SWIFT_VERSION = 5.0;
				TARGETED_DEVICE_FAMILY = 1;
			};
			name = Debug;
		};
		58A9277922E2F02C00EC3C18 /* Release */ = {
			isa = XCBuildConfiguration;
			baseConfigurationReference = 19A1C972ED94027DF94B2D2E /* Pods-GeoName.release.xcconfig */;
			buildSettings = {
				ASSETCATALOG_COMPILER_APPICON_NAME = AppIcon;
				CODE_SIGN_STYLE = Automatic;
				DEVELOPMENT_TEAM = 9V3FMTYQCY;
				INFOPLIST_FILE = GeoName/Info.plist;
				LD_RUNPATH_SEARCH_PATHS = (
					"$(inherited)",
					"@executable_path/Frameworks",
				);
				PRODUCT_BUNDLE_IDENTIFIER = edu.uw.amjadz.GeoName;
				PRODUCT_NAME = "$(TARGET_NAME)";
				SWIFT_VERSION = 5.0;
				TARGETED_DEVICE_FAMILY = 1;
			};
			name = Release;
		};
/* End XCBuildConfiguration section */

/* Begin XCConfigurationList section */
		58A9276022E2F02A00EC3C18 /* Build configuration list for PBXProject "GeoName" */ = {
			isa = XCConfigurationList;
			buildConfigurations = (
				58A9277522E2F02C00EC3C18 /* Debug */,
				58A9277622E2F02C00EC3C18 /* Release */,
			);
			defaultConfigurationIsVisible = 0;
			defaultConfigurationName = Release;
		};
		58A9277722E2F02C00EC3C18 /* Build configuration list for PBXNativeTarget "GeoName" */ = {
			isa = XCConfigurationList;
			buildConfigurations = (
				58A9277822E2F02C00EC3C18 /* Debug */,
				58A9277922E2F02C00EC3C18 /* Release */,
			);
			defaultConfigurationIsVisible = 0;
			defaultConfigurationName = Release;
		};
/* End XCConfigurationList section */
	};
	rootObject = 58A9275D22E2F02A00EC3C18 /* Project object */;
}
